
Microsoft Visual Studio Solution File, Format Version 12.00
# Visual Studio for Mac
Project("{FAE04EC0-301F-11D3-BF4B-00C04F79EFBC}") = "project0", "project0.csproj", "{FD623A16-23C7-A10E-64DF-29E2F684C3A6}"
EndProject
Project("{FAE04EC0-301F-11D3-BF4B-00C04F79EFBC}") = "project0.Plugins", "project0.Plugins.csproj", "{83F127ED-98BF-9ACE-C338-58AAB7F440EE}"
EndProject
Global
	GlobalSection(SolutionConfigurationPlatforms) = preSolution
		Debug|Any CPU = Debug|Any CPU
		Release|Any CPU = Release|Any CPU
	EndGlobalSection
	GlobalSection(ProjectConfigurationPlatforms) = postSolution
		{FD623A16-23C7-A10E-64DF-29E2F684C3A6}.Debug|Any CPU.ActiveCfg = Debug|Any CPU
		{FD623A16-23C7-A10E-64DF-29E2F684C3A6}.Debug|Any CPU.Build.0 = Debug|Any CPU
		{FD623A16-23C7-A10E-64DF-29E2F684C3A6}.Release|Any CPU.ActiveCfg = Release|Any CPU
		{FD623A16-23C7-A10E-64DF-29E2F684C3A6}.Release|Any CPU.Build.0 = Release|Any CPU
		{83F127ED-98BF-9ACE-C338-58AAB7F440EE}.Debug|Any CPU.ActiveCfg = Debug|Any CPU
		{83F127ED-98BF-9ACE-C338-58AAB7F440EE}.Debug|Any CPU.Build.0 = Debug|Any CPU
		{83F127ED-98BF-9ACE-C338-58AAB7F440EE}.Release|Any CPU.ActiveCfg = Release|Any CPU
		{83F127ED-98BF-9ACE-C338-58AAB7F440EE}.Release|Any CPU.Build.0 = Release|Any CPU
	EndGlobalSection
	GlobalSection(SolutionProperties) = preSolution
		HideSolutionNode = FALSE
	EndGlobalSection
EndGlobal
